
Microsoft Visual Studio Solution File, Format Version 12.00
Project("{2150E333-8FDC-42A3-9474-1A3956D46DE8}") = "src", "src", "{1DB02DCD-CE0B-434D-940B-C31425B55BD2}"
EndProject
Project("{FAE04EC0-301F-11D3-BF4B-00C04F79EFBC}") = "WoodenWorkshop.Core", "src\WoodenWorkshop.Core\WoodenWorkshop.Core.csproj", "{0F5648EB-37A7-4737-A1E9-2A9359362DC1}"
EndProject
Project("{FAE04EC0-301F-11D3-BF4B-00C04F79EFBC}") = "WoodenWorkshop.Common", "src\WoodenWorkshop.Common\WoodenWorkshop.Common.csproj", "{B4777C77-AB28-4D5A-B128-A99D5F476892}"
EndProject
Project("{FAE04EC0-301F-11D3-BF4B-00C04F79EFBC}") = "WoodenWorkshop.Core.Contacts", "src\WoodenWorkshop.Core.Contacts\WoodenWorkshop.Core.Contacts.csproj", "{D33D43DB-DCE1-45FD-9735-80FEB33CB63A}"
EndProject
Project("{FAE04EC0-301F-11D3-BF4B-00C04F79EFBC}") = "WoodenWorkshop.Crm.Api", "src\WoodenWorkshop.Crm.Api\WoodenWorkshop.Crm.Api.csproj", "{CA75B10E-F749-4393-8BF0-C49F2F582747}"
EndProject
Project("{FAE04EC0-301F-11D3-BF4B-00C04F79EFBC}") = "WoodenWorkshop.Core.Users", "src\WoodenWorkshop.Core.Users\WoodenWorkshop.Core.Users.csproj", "{D0B74AE9-78C1-4AB0-A624-5BD7A4022371}"
EndProject
Project("{FAE04EC0-301F-11D3-BF4B-00C04F79EFBC}") = "WoodenWorkshop.Core.Roles", "src\WoodenWorkshop.Core.Roles\WoodenWorkshop.Core.Roles.csproj", "{77450EA8-3924-4357-A88C-4AF75AD4250A}"
EndProject
Project("{FAE04EC0-301F-11D3-BF4B-00C04F79EFBC}") = "WoodenWorkshop.Auth", "src\WoodenWorkshop.Auth\WoodenWorkshop.Auth.csproj", "{DB8FC63B-6F06-4A51-B45E-F8C069C8C34A}"
EndProject
Project("{FAE04EC0-301F-11D3-BF4B-00C04F79EFBC}") = "WoodenWorkshop.Infrastructure.HostedServices", "src\WoodenWorkshop.Infrastructure.HostedServices\WoodenWorkshop.Infrastructure.HostedServices.csproj", "{215DAD11-37C5-4F2B-9EB3-966DAC10E233}"
EndProject
Project("{FAE04EC0-301F-11D3-BF4B-00C04F79EFBC}") = "WoodenWorkshop.Core.Assets", "src\WoodenWorkshop.Core.Assets\WoodenWorkshop.Core.Assets.csproj", "{920D1624-87C8-4D0C-B107-D32B9EDDA424}"
EndProject
Project("{FAE04EC0-301F-11D3-BF4B-00C04F79EFBC}") = "WoodenWorkshop.Crm.Functions", "src\WoodenWorkshop.Crm.Functions\WoodenWorkshop.Crm.Functions.csproj", "{11FD7290-544F-4525-B2A6-53546FAD0FF8}"
EndProject
Global
	GlobalSection(SolutionConfigurationPlatforms) = preSolution
		Debug|Any CPU = Debug|Any CPU
		Release|Any CPU = Release|Any CPU
	EndGlobalSection
	GlobalSection(NestedProjects) = preSolution
		{0F5648EB-37A7-4737-A1E9-2A9359362DC1} = {1DB02DCD-CE0B-434D-940B-C31425B55BD2}
		{B4777C77-AB28-4D5A-B128-A99D5F476892} = {1DB02DCD-CE0B-434D-940B-C31425B55BD2}
		{D33D43DB-DCE1-45FD-9735-80FEB33CB63A} = {1DB02DCD-CE0B-434D-940B-C31425B55BD2}
		{CA75B10E-F749-4393-8BF0-C49F2F582747} = {1DB02DCD-CE0B-434D-940B-C31425B55BD2}
		{D0B74AE9-78C1-4AB0-A624-5BD7A4022371} = {1DB02DCD-CE0B-434D-940B-C31425B55BD2}
		{77450EA8-3924-4357-A88C-4AF75AD4250A} = {1DB02DCD-CE0B-434D-940B-C31425B55BD2}
		{DB8FC63B-6F06-4A51-B45E-F8C069C8C34A} = {1DB02DCD-CE0B-434D-940B-C31425B55BD2}
		{215DAD11-37C5-4F2B-9EB3-966DAC10E233} = {1DB02DCD-CE0B-434D-940B-C31425B55BD2}
		{920D1624-87C8-4D0C-B107-D32B9EDDA424} = {1DB02DCD-CE0B-434D-940B-C31425B55BD2}
		{11FD7290-544F-4525-B2A6-53546FAD0FF8} = {1DB02DCD-CE0B-434D-940B-C31425B55BD2}
	EndGlobalSection
	GlobalSection(ProjectConfigurationPlatforms) = postSolution
		{0F5648EB-37A7-4737-A1E9-2A9359362DC1}.Debug|Any CPU.ActiveCfg = Debug|Any CPU
		{0F5648EB-37A7-4737-A1E9-2A9359362DC1}.Debug|Any CPU.Build.0 = Debug|Any CPU
		{0F5648EB-37A7-4737-A1E9-2A9359362DC1}.Release|Any CPU.ActiveCfg = Release|Any CPU
		{0F5648EB-37A7-4737-A1E9-2A9359362DC1}.Release|Any CPU.Build.0 = Release|Any CPU
		{B4777C77-AB28-4D5A-B128-A99D5F476892}.Debug|Any CPU.ActiveCfg = Debug|Any CPU
		{B4777C77-AB28-4D5A-B128-A99D5F476892}.Debug|Any CPU.Build.0 = Debug|Any CPU
		{B4777C77-AB28-4D5A-B128-A99D5F476892}.Release|Any CPU.ActiveCfg = Release|Any CPU
		{B4777C77-AB28-4D5A-B128-A99D5F476892}.Release|Any CPU.Build.0 = Release|Any CPU
		{D33D43DB-DCE1-45FD-9735-80FEB33CB63A}.Debug|Any CPU.ActiveCfg = Debug|Any CPU
		{D33D43DB-DCE1-45FD-9735-80FEB33CB63A}.Debug|Any CPU.Build.0 = Debug|Any CPU
		{D33D43DB-DCE1-45FD-9735-80FEB33CB63A}.Release|Any CPU.ActiveCfg = Release|Any CPU
		{D33D43DB-DCE1-45FD-9735-80FEB33CB63A}.Release|Any CPU.Build.0 = Release|Any CPU
		{CA75B10E-F749-4393-8BF0-C49F2F582747}.Debug|Any CPU.ActiveCfg = Debug|Any CPU
		{CA75B10E-F749-4393-8BF0-C49F2F582747}.Debug|Any CPU.Build.0 = Debug|Any CPU
		{CA75B10E-F749-4393-8BF0-C49F2F582747}.Release|Any CPU.ActiveCfg = Release|Any CPU
		{CA75B10E-F749-4393-8BF0-C49F2F582747}.Release|Any CPU.Build.0 = Release|Any CPU
		{D0B74AE9-78C1-4AB0-A624-5BD7A4022371}.Debug|Any CPU.ActiveCfg = Debug|Any CPU
		{D0B74AE9-78C1-4AB0-A624-5BD7A4022371}.Debug|Any CPU.Build.0 = Debug|Any CPU
		{D0B74AE9-78C1-4AB0-A624-5BD7A4022371}.Release|Any CPU.ActiveCfg = Release|Any CPU
		{D0B74AE9-78C1-4AB0-A624-5BD7A4022371}.Release|Any CPU.Build.0 = Release|Any CPU
		{77450EA8-3924-4357-A88C-4AF75AD4250A}.Debug|Any CPU.ActiveCfg = Debug|Any CPU
		{77450EA8-3924-4357-A88C-4AF75AD4250A}.Debug|Any CPU.Build.0 = Debug|Any CPU
		{77450EA8-3924-4357-A88C-4AF75AD4250A}.Release|Any CPU.ActiveCfg = Release|Any CPU
		{77450EA8-3924-4357-A88C-4AF75AD4250A}.Release|Any CPU.Build.0 = Release|Any CPU
		{DB8FC63B-6F06-4A51-B45E-F8C069C8C34A}.Debug|Any CPU.ActiveCfg = Debug|Any CPU
		{DB8FC63B-6F06-4A51-B45E-F8C069C8C34A}.Debug|Any CPU.Build.0 = Debug|Any CPU
		{DB8FC63B-6F06-4A51-B45E-F8C069C8C34A}.Release|Any CPU.ActiveCfg = Release|Any CPU
		{DB8FC63B-6F06-4A51-B45E-F8C069C8C34A}.Release|Any CPU.Build.0 = Release|Any CPU
		{215DAD11-37C5-4F2B-9EB3-966DAC10E233}.Debug|Any CPU.ActiveCfg = Debug|Any CPU
		{215DAD11-37C5-4F2B-9EB3-966DAC10E233}.Debug|Any CPU.Build.0 = Debug|Any CPU
		{215DAD11-37C5-4F2B-9EB3-966DAC10E233}.Release|Any CPU.ActiveCfg = Release|Any CPU
		{215DAD11-37C5-4F2B-9EB3-966DAC10E233}.Release|Any CPU.Build.0 = Release|Any CPU
		{920D1624-87C8-4D0C-B107-D32B9EDDA424}.Debug|Any CPU.ActiveCfg = Debug|Any CPU
		{920D1624-87C8-4D0C-B107-D32B9EDDA424}.Debug|Any CPU.Build.0 = Debug|Any CPU
		{920D1624-87C8-4D0C-B107-D32B9EDDA424}.Release|Any CPU.ActiveCfg = Release|Any CPU
		{920D1624-87C8-4D0C-B107-D32B9EDDA424}.Release|Any CPU.Build.0 = Release|Any CPU
		{11FD7290-544F-4525-B2A6-53546FAD0FF8}.Debug|Any CPU.ActiveCfg = Debug|Any CPU
		{11FD7290-544F-4525-B2A6-53546FAD0FF8}.Debug|Any CPU.Build.0 = Debug|Any CPU
		{11FD7290-544F-4525-B2A6-53546FAD0FF8}.Release|Any CPU.ActiveCfg = Release|Any CPU
		{11FD7290-544F-4525-B2A6-53546FAD0FF8}.Release|Any CPU.Build.0 = Release|Any CPU
	EndGlobalSection
EndGlobal
