
Microsoft Visual Studio Solution File, Format Version 12.00
Project("{2150E333-8FDC-42A3-9474-1A3956D46DE8}") = "src", "src", "{1DB02DCD-CE0B-434D-940B-C31425B55BD2}"
EndProject
Project("{FAE04EC0-301F-11D3-BF4B-00C04F79EFBC}") = "WoodenWorkshop.Core", "src\WoodenWorkshop.Core\WoodenWorkshop.Core.csproj", "{0F5648EB-37A7-4737-A1E9-2A9359362DC1}"
EndProject
Project("{FAE04EC0-301F-11D3-BF4B-00C04F79EFBC}") = "WoodenWorkshop.Common", "src\WoodenWorkshop.Common\WoodenWorkshop.Common.csproj", "{B4777C77-AB28-4D5A-B128-A99D5F476892}"
EndProject
Project("{FAE04EC0-301F-11D3-BF4B-00C04F79EFBC}") = "WoodenWorkshop.Core.Contacts", "src\WoodenWorkshop.Core.Contacts\WoodenWorkshop.Core.Contacts.csproj", "{D33D43DB-DCE1-45FD-9735-80FEB33CB63A}"
EndProject
Project("{FAE04EC0-301F-11D3-BF4B-00C04F79EFBC}") = "WoodenWorkshop.Crm.Api", "src\WoodenWorkshop.Crm.Api\WoodenWorkshop.Crm.Api.csproj", "{CA75B10E-F749-4393-8BF0-C49F2F582747}"
EndProject
Global
	GlobalSection(SolutionConfigurationPlatforms) = preSolution
		Debug|Any CPU = Debug|Any CPU
		Release|Any CPU = Release|Any CPU
	EndGlobalSection
	GlobalSection(NestedProjects) = preSolution
		{0F5648EB-37A7-4737-A1E9-2A9359362DC1} = {1DB02DCD-CE0B-434D-940B-C31425B55BD2}
		{B4777C77-AB28-4D5A-B128-A99D5F476892} = {1DB02DCD-CE0B-434D-940B-C31425B55BD2}
		{D33D43DB-DCE1-45FD-9735-80FEB33CB63A} = {1DB02DCD-CE0B-434D-940B-C31425B55BD2}
		{CA75B10E-F749-4393-8BF0-C49F2F582747} = {1DB02DCD-CE0B-434D-940B-C31425B55BD2}
	EndGlobalSection
	GlobalSection(ProjectConfigurationPlatforms) = postSolution
		{0F5648EB-37A7-4737-A1E9-2A9359362DC1}.Debug|Any CPU.ActiveCfg = Debug|Any CPU
		{0F5648EB-37A7-4737-A1E9-2A9359362DC1}.Debug|Any CPU.Build.0 = Debug|Any CPU
		{0F5648EB-37A7-4737-A1E9-2A9359362DC1}.Release|Any CPU.ActiveCfg = Release|Any CPU
		{0F5648EB-37A7-4737-A1E9-2A9359362DC1}.Release|Any CPU.Build.0 = Release|Any CPU
		{B4777C77-AB28-4D5A-B128-A99D5F476892}.Debug|Any CPU.ActiveCfg = Debug|Any CPU
		{B4777C77-AB28-4D5A-B128-A99D5F476892}.Debug|Any CPU.Build.0 = Debug|Any CPU
		{B4777C77-AB28-4D5A-B128-A99D5F476892}.Release|Any CPU.ActiveCfg = Release|Any CPU
		{B4777C77-AB28-4D5A-B128-A99D5F476892}.Release|Any CPU.Build.0 = Release|Any CPU
		{D33D43DB-DCE1-45FD-9735-80FEB33CB63A}.Debug|Any CPU.ActiveCfg = Debug|Any CPU
		{D33D43DB-DCE1-45FD-9735-80FEB33CB63A}.Debug|Any CPU.Build.0 = Debug|Any CPU
		{D33D43DB-DCE1-45FD-9735-80FEB33CB63A}.Release|Any CPU.ActiveCfg = Release|Any CPU
		{D33D43DB-DCE1-45FD-9735-80FEB33CB63A}.Release|Any CPU.Build.0 = Release|Any CPU
		{CA75B10E-F749-4393-8BF0-C49F2F582747}.Debug|Any CPU.ActiveCfg = Debug|Any CPU
		{CA75B10E-F749-4393-8BF0-C49F2F582747}.Debug|Any CPU.Build.0 = Debug|Any CPU
		{CA75B10E-F749-4393-8BF0-C49F2F582747}.Release|Any CPU.ActiveCfg = Release|Any CPU
		{CA75B10E-F749-4393-8BF0-C49F2F582747}.Release|Any CPU.Build.0 = Release|Any CPU
	EndGlobalSection
EndGlobal
